
Microsoft Visual Studio Solution File, Format Version 12.00
# Visual Studio Version 17
VisualStudioVersion = 17.10.35122.118
MinimumVisualStudioVersion = 10.0.40219.1
Project("{9A19103F-16F7-4668-BE54-9A1E7A4F7556}") = "Planner", "Planner\Planner.csproj", "{6CF1BE81-1330-49CB-BED2-3F81CC5FC8C3}"
EndProject
Project("{9A19103F-16F7-4668-BE54-9A1E7A4F7556}") = "Domain", "Domain\Domain.csproj", "{B80DD3F0-DED0-4706-A9AE-02AC7E90A1B7}"
EndProject
Project("{9A19103F-16F7-4668-BE54-9A1E7A4F7556}") = "Infrastructure", "Infrastructure\Infrastructure.csproj", "{3D726810-2374-4D5D-B962-33DA32E09F22}"
EndProject
Project("{9A19103F-16F7-4668-BE54-9A1E7A4F7556}") = "Application", "Application\Application.csproj", "{388D2783-6E09-47D4-A388-FCD7CACF3163}"
EndProject
Project("{FAE04EC0-301F-11D3-BF4B-00C04F79EFBC}") = "PlannerMaui", "PlannerMaui\PlannerMaui.csproj", "{E809E5D0-DB95-4A1C-AB6F-BF8A42142839}"
EndProject
Global
	GlobalSection(SolutionConfigurationPlatforms) = preSolution
		Debug|Any CPU = Debug|Any CPU
		Release|Any CPU = Release|Any CPU
	EndGlobalSection
	GlobalSection(ProjectConfigurationPlatforms) = postSolution
		{6CF1BE81-1330-49CB-BED2-3F81CC5FC8C3}.Debug|Any CPU.ActiveCfg = Debug|Any CPU
		{6CF1BE81-1330-49CB-BED2-3F81CC5FC8C3}.Debug|Any CPU.Build.0 = Debug|Any CPU
		{6CF1BE81-1330-49CB-BED2-3F81CC5FC8C3}.Release|Any CPU.ActiveCfg = Release|Any CPU
		{6CF1BE81-1330-49CB-BED2-3F81CC5FC8C3}.Release|Any CPU.Build.0 = Release|Any CPU
		{B80DD3F0-DED0-4706-A9AE-02AC7E90A1B7}.Debug|Any CPU.ActiveCfg = Debug|Any CPU
		{B80DD3F0-DED0-4706-A9AE-02AC7E90A1B7}.Debug|Any CPU.Build.0 = Debug|Any CPU
		{B80DD3F0-DED0-4706-A9AE-02AC7E90A1B7}.Release|Any CPU.ActiveCfg = Release|Any CPU
		{B80DD3F0-DED0-4706-A9AE-02AC7E90A1B7}.Release|Any CPU.Build.0 = Release|Any CPU
		{3D726810-2374-4D5D-B962-33DA32E09F22}.Debug|Any CPU.ActiveCfg = Debug|Any CPU
		{3D726810-2374-4D5D-B962-33DA32E09F22}.Debug|Any CPU.Build.0 = Debug|Any CPU
		{3D726810-2374-4D5D-B962-33DA32E09F22}.Release|Any CPU.ActiveCfg = Release|Any CPU
		{3D726810-2374-4D5D-B962-33DA32E09F22}.Release|Any CPU.Build.0 = Release|Any CPU
		{388D2783-6E09-47D4-A388-FCD7CACF3163}.Debug|Any CPU.ActiveCfg = Debug|Any CPU
		{388D2783-6E09-47D4-A388-FCD7CACF3163}.Debug|Any CPU.Build.0 = Debug|Any CPU
		{388D2783-6E09-47D4-A388-FCD7CACF3163}.Release|Any CPU.ActiveCfg = Release|Any CPU
		{388D2783-6E09-47D4-A388-FCD7CACF3163}.Release|Any CPU.Build.0 = Release|Any CPU
		{E809E5D0-DB95-4A1C-AB6F-BF8A42142839}.Debug|Any CPU.ActiveCfg = Debug|Any CPU
		{E809E5D0-DB95-4A1C-AB6F-BF8A42142839}.Debug|Any CPU.Build.0 = Debug|Any CPU
		{E809E5D0-DB95-4A1C-AB6F-BF8A42142839}.Debug|Any CPU.Deploy.0 = Debug|Any CPU
		{E809E5D0-DB95-4A1C-AB6F-BF8A42142839}.Release|Any CPU.ActiveCfg = Release|Any CPU
		{E809E5D0-DB95-4A1C-AB6F-BF8A42142839}.Release|Any CPU.Build.0 = Release|Any CPU
	EndGlobalSection
	GlobalSection(SolutionProperties) = preSolution
		HideSolutionNode = FALSE
	EndGlobalSection
	GlobalSection(ExtensibilityGlobals) = postSolution
		SolutionGuid = {EB95DE7E-661A-43CB-B92B-76BC953192A1}
	EndGlobalSection
EndGlobal
